
Microsoft Visual Studio Solution File, Format Version 12.00
# Visual Studio Version 16
VisualStudioVersion = 16.0.31429.391
MinimumVisualStudioVersion = 10.0.40219.1
Project("{8BC9CEB8-8B4A-11D0-8D11-00A0C91BC942}") = "math", "math.vcxproj", "{764D0F18-F33F-4C5B-BA6C-D81C00383E97}"
EndProject
Global
	GlobalSection(SolutionConfigurationPlatforms) = preSolution
		Debug|x64 = Debug|x64
		Debug|x86 = Debug|x86
		Release|x64 = Release|x64
		Release|x86 = Release|x86
	EndGlobalSection
	GlobalSection(ProjectConfigurationPlatforms) = postSolution
		{764D0F18-F33F-4C5B-BA6C-D81C00383E97}.Debug|x64.ActiveCfg = Debug|x64
		{764D0F18-F33F-4C5B-BA6C-D81C00383E97}.Debug|x64.Build.0 = Debug|x64
		{764D0F18-F33F-4C5B-BA6C-D81C00383E97}.Debug|x86.ActiveCfg = Debug|Win32
		{764D0F18-F33F-4C5B-BA6C-D81C00383E97}.Debug|x86.Build.0 = Debug|Win32
		{764D0F18-F33F-4C5B-BA6C-D81C00383E97}.Release|x64.ActiveCfg = Release|x64
		{764D0F18-F33F-4C5B-BA6C-D81C00383E97}.Release|x64.Build.0 = Release|x64
		{764D0F18-F33F-4C5B-BA6C-D81C00383E97}.Release|x86.ActiveCfg = Release|Win32
		{764D0F18-F33F-4C5B-BA6C-D81C00383E97}.Release|x86.Build.0 = Release|Win32
	EndGlobalSection
	GlobalSection(SolutionProperties) = preSolution
		HideSolutionNode = FALSE
	EndGlobalSection
	GlobalSection(ExtensibilityGlobals) = postSolution
		SolutionGuid = {0631E518-BC84-4EF3-8FC7-18E57033E2A6}
	EndGlobalSection
EndGlobal
